
Microsoft Visual Studio Solution File, Format Version 12.00
# Visual Studio Version 17
VisualStudioVersion = 17.10.35013.160
MinimumVisualStudioVersion = 10.0.40219.1
Project("{9A19103F-16F7-4668-BE54-9A1E7A4F7556}") = "JobPortal.API", "JobPortal.API\JobPortal.API.csproj", "{51107889-E9F4-468B-A497-C85C0A6C066F}"
EndProject
Project("{9A19103F-16F7-4668-BE54-9A1E7A4F7556}") = "JobPortal.Data", "JobPortal.Data\JobPortal.Data.csproj", "{514F737F-DBB1-4397-9D14-147DD67C2AC6}"
EndProject
Project("{9A19103F-16F7-4668-BE54-9A1E7A4F7556}") = "JobPortal.IRepository", "JobPortal.IRepository\JobPortal.IRepository.csproj", "{D086AFB1-6B6C-4EAC-BE5F-B1D6214C2220}"
EndProject
Project("{9A19103F-16F7-4668-BE54-9A1E7A4F7556}") = "JobPortal.Repository", "JobPortal.Repository\JobPortal.Repository.csproj", "{BEE84687-B5F4-4DB6-AFF3-A47CAF49A7B7}"
EndProject
Project("{9A19103F-16F7-4668-BE54-9A1E7A4F7556}") = "JobPortal.IServices", "JobPortal.IServices\JobPortal.IServices.csproj", "{BB8A7054-352C-41AF-9D91-4FFE5DA3AB72}"
EndProject
Project("{9A19103F-16F7-4668-BE54-9A1E7A4F7556}") = "JobPortal.Services", "JobPortal.Services\JobPortal.Services.csproj", "{5E2A25D9-CD4C-4F90-9D28-CC0D03F8A0DF}"
EndProject
Project("{9A19103F-16F7-4668-BE54-9A1E7A4F7556}") = "JobPortal.DTO", "JobPortal.DTO\JobPortal.DTO.csproj", "{3302AE83-BDE5-495A-AACB-E9085374A6FB}"
EndProject
Project("{FAE04EC0-301F-11D3-BF4B-00C04F79EFBC}") = "JobPortal.Model", "JobPortal.Model\JobPortal.Model.csproj", "{878D673A-B579-4647-B7D0-AA7C7F18C7AF}"
EndProject
Global
	GlobalSection(SolutionConfigurationPlatforms) = preSolution
		Debug|Any CPU = Debug|Any CPU
		Release|Any CPU = Release|Any CPU
	EndGlobalSection
	GlobalSection(ProjectConfigurationPlatforms) = postSolution
		{51107889-E9F4-468B-A497-C85C0A6C066F}.Debug|Any CPU.ActiveCfg = Debug|Any CPU
		{51107889-E9F4-468B-A497-C85C0A6C066F}.Debug|Any CPU.Build.0 = Debug|Any CPU
		{51107889-E9F4-468B-A497-C85C0A6C066F}.Release|Any CPU.ActiveCfg = Release|Any CPU
		{51107889-E9F4-468B-A497-C85C0A6C066F}.Release|Any CPU.Build.0 = Release|Any CPU
		{514F737F-DBB1-4397-9D14-147DD67C2AC6}.Debug|Any CPU.ActiveCfg = Debug|Any CPU
		{514F737F-DBB1-4397-9D14-147DD67C2AC6}.Debug|Any CPU.Build.0 = Debug|Any CPU
		{514F737F-DBB1-4397-9D14-147DD67C2AC6}.Release|Any CPU.ActiveCfg = Release|Any CPU
		{514F737F-DBB1-4397-9D14-147DD67C2AC6}.Release|Any CPU.Build.0 = Release|Any CPU
		{D086AFB1-6B6C-4EAC-BE5F-B1D6214C2220}.Debug|Any CPU.ActiveCfg = Debug|Any CPU
		{D086AFB1-6B6C-4EAC-BE5F-B1D6214C2220}.Debug|Any CPU.Build.0 = Debug|Any CPU
		{D086AFB1-6B6C-4EAC-BE5F-B1D6214C2220}.Release|Any CPU.ActiveCfg = Release|Any CPU
		{D086AFB1-6B6C-4EAC-BE5F-B1D6214C2220}.Release|Any CPU.Build.0 = Release|Any CPU
		{BEE84687-B5F4-4DB6-AFF3-A47CAF49A7B7}.Debug|Any CPU.ActiveCfg = Debug|Any CPU
		{BEE84687-B5F4-4DB6-AFF3-A47CAF49A7B7}.Debug|Any CPU.Build.0 = Debug|Any CPU
		{BEE84687-B5F4-4DB6-AFF3-A47CAF49A7B7}.Release|Any CPU.ActiveCfg = Release|Any CPU
		{BEE84687-B5F4-4DB6-AFF3-A47CAF49A7B7}.Release|Any CPU.Build.0 = Release|Any CPU
		{BB8A7054-352C-41AF-9D91-4FFE5DA3AB72}.Debug|Any CPU.ActiveCfg = Debug|Any CPU
		{BB8A7054-352C-41AF-9D91-4FFE5DA3AB72}.Debug|Any CPU.Build.0 = Debug|Any CPU
		{BB8A7054-352C-41AF-9D91-4FFE5DA3AB72}.Release|Any CPU.ActiveCfg = Release|Any CPU
		{BB8A7054-352C-41AF-9D91-4FFE5DA3AB72}.Release|Any CPU.Build.0 = Release|Any CPU
		{5E2A25D9-CD4C-4F90-9D28-CC0D03F8A0DF}.Debug|Any CPU.ActiveCfg = Debug|Any CPU
		{5E2A25D9-CD4C-4F90-9D28-CC0D03F8A0DF}.Debug|Any CPU.Build.0 = Debug|Any CPU
		{5E2A25D9-CD4C-4F90-9D28-CC0D03F8A0DF}.Release|Any CPU.ActiveCfg = Release|Any CPU
		{5E2A25D9-CD4C-4F90-9D28-CC0D03F8A0DF}.Release|Any CPU.Build.0 = Release|Any CPU
		{3302AE83-BDE5-495A-AACB-E9085374A6FB}.Debug|Any CPU.ActiveCfg = Debug|Any CPU
		{3302AE83-BDE5-495A-AACB-E9085374A6FB}.Debug|Any CPU.Build.0 = Debug|Any CPU
		{3302AE83-BDE5-495A-AACB-E9085374A6FB}.Release|Any CPU.ActiveCfg = Release|Any CPU
		{3302AE83-BDE5-495A-AACB-E9085374A6FB}.Release|Any CPU.Build.0 = Release|Any CPU
		{878D673A-B579-4647-B7D0-AA7C7F18C7AF}.Debug|Any CPU.ActiveCfg = Debug|Any CPU
		{878D673A-B579-4647-B7D0-AA7C7F18C7AF}.Debug|Any CPU.Build.0 = Debug|Any CPU
		{878D673A-B579-4647-B7D0-AA7C7F18C7AF}.Release|Any CPU.ActiveCfg = Release|Any CPU
		{878D673A-B579-4647-B7D0-AA7C7F18C7AF}.Release|Any CPU.Build.0 = Release|Any CPU
	EndGlobalSection
	GlobalSection(SolutionProperties) = preSolution
		HideSolutionNode = FALSE
	EndGlobalSection
	GlobalSection(ExtensibilityGlobals) = postSolution
		SolutionGuid = {3BA08460-DC9B-458D-8F8A-D0E8DBB8A849}
	EndGlobalSection
EndGlobal
